// !$*UTF8*$!
{
	archiveVersion = 1;
	classes = {
	};
	objectVersion = 46;
	objects = {

/* Begin PBXBuildFile section */
		1D02D8322083CB50001F7BAF /* AppDelegate.swift in Sources */ = {isa = PBXBuildFile; fileRef = 1D02D8312083CB50001F7BAF /* AppDelegate.swift */; };
		1D02D8372083CB50001F7BAF /* Main.storyboard in Resources */ = {isa = PBXBuildFile; fileRef = 1D02D8352083CB50001F7BAF /* Main.storyboard */; };
		1D02D8392083CB50001F7BAF /* Assets.xcassets in Resources */ = {isa = PBXBuildFile; fileRef = 1D02D8382083CB50001F7BAF /* Assets.xcassets */; };
		1D02D83C2083CB50001F7BAF /* LaunchScreen.storyboard in Resources */ = {isa = PBXBuildFile; fileRef = 1D02D83A2083CB50001F7BAF /* LaunchScreen.storyboard */; };
		1D02D8472083CB50001F7BAF /* ElementaryTests.swift in Sources */ = {isa = PBXBuildFile; fileRef = 1D02D8462083CB50001F7BAF /* ElementaryTests.swift */; };
		1D02D8522083CB50001F7BAF /* ElementaryUITests.swift in Sources */ = {isa = PBXBuildFile; fileRef = 1D02D8512083CB50001F7BAF /* ElementaryUITests.swift */; };
		1D02D8612083CF54001F7BAF /* Element.swift in Sources */ = {isa = PBXBuildFile; fileRef = 1D02D8602083CF54001F7BAF /* Element.swift */; };
		1DA9C7D320A348BC004A560E /* UserDefaultsObservingController.swift in Sources */ = {isa = PBXBuildFile; fileRef = 1DA9C7D220A348BC004A560E /* UserDefaultsObservingController.swift */; };
		1DA9C7D520A35BF7004A560E /* SpinnerShapeNode.swift in Sources */ = {isa = PBXBuildFile; fileRef = 1DA9C7D420A35BF7004A560E /* SpinnerShapeNode.swift */; };
		A20B1DD8209B22D0007A3067 /* ElementFacade.swift in Sources */ = {isa = PBXBuildFile; fileRef = A20B1DD7209B22D0007A3067 /* ElementFacade.swift */; };
		A20B1DDA209B2668007A3067 /* SKNodeFacade.swift in Sources */ = {isa = PBXBuildFile; fileRef = A20B1DD9209B2668007A3067 /* SKNodeFacade.swift */; };
		A20B1DDE209B7A41007A3067 /* HighScoresController.swift in Sources */ = {isa = PBXBuildFile; fileRef = A20B1DDD209B7A41007A3067 /* HighScoresController.swift */; };
		A20B1DE2209B8A37007A3067 /* HighScoreTableCellView.swift in Sources */ = {isa = PBXBuildFile; fileRef = A20B1DE1209B8A37007A3067 /* HighScoreTableCellView.swift */; };
		A22C20D6209C5B5200701E3F /* click.wav in Resources */ = {isa = PBXBuildFile; fileRef = A22C20D5209C5B5200701E3F /* click.wav */; };
		A22C20D9209C5B7100701E3F /* MusicPlayer.swift in Sources */ = {isa = PBXBuildFile; fileRef = A22C20D8209C5B7100701E3F /* MusicPlayer.swift */; };
		A22C20DC209C5C5500701E3F /* music_game.mp3 in Resources */ = {isa = PBXBuildFile; fileRef = A22C20DA209C5C5500701E3F /* music_game.mp3 */; };
		A22C20DD209C5C5500701E3F /* music_menu.mp3 in Resources */ = {isa = PBXBuildFile; fileRef = A22C20DB209C5C5500701E3F /* music_menu.mp3 */; };
		A22C20E0209C5C6300701E3F /* negative.wav in Resources */ = {isa = PBXBuildFile; fileRef = A22C20DE209C5C6300701E3F /* negative.wav */; };
		A22C20E1209C5C6300701E3F /* positive.wav in Resources */ = {isa = PBXBuildFile; fileRef = A22C20DF209C5C6300701E3F /* positive.wav */; };
		A22C20E3209C62C800701E3F /* game_over.wav in Resources */ = {isa = PBXBuildFile; fileRef = A22C20E2209C62C800701E3F /* game_over.wav */; };
		A22C20E5209C7E1100701E3F /* SettingsController.swift in Sources */ = {isa = PBXBuildFile; fileRef = A22C20E4209C7E1100701E3F /* SettingsController.swift */; };
		A2C491D22099DF7B0000A122 /* QuizQuestion.swift in Sources */ = {isa = PBXBuildFile; fileRef = A2C491D12099DF7B0000A122 /* QuizQuestion.swift */; };
		A2C491D42099E8130000A122 /* AnswerFacade.swift in Sources */ = {isa = PBXBuildFile; fileRef = A2C491D32099E8130000A122 /* AnswerFacade.swift */; };
		A2C491D62099EB450000A122 /* Answer.swift in Sources */ = {isa = PBXBuildFile; fileRef = A2C491D52099EB450000A122 /* Answer.swift */; };
		A2D71BF62098C62A00DFECF7 /* GameViewController.swift in Sources */ = {isa = PBXBuildFile; fileRef = A2D71BF52098C62A00DFECF7 /* GameViewController.swift */; };
		A2D71BFA2098C67700DFECF7 /* GameScene.swift in Sources */ = {isa = PBXBuildFile; fileRef = A2D71BF92098C67700DFECF7 /* GameScene.swift */; };
		A2D71BFC2098E67500DFECF7 /* Extensions.swift in Sources */ = {isa = PBXBuildFile; fileRef = A2D71BFB2098E67500DFECF7 /* Extensions.swift */; };
		A2F52FF420975AA800C01FFF /* MainMenuController.swift in Sources */ = {isa = PBXBuildFile; fileRef = A2F52FF320975AA800C01FFF /* MainMenuController.swift */; };
		A2F52FFA2097871500C01FFF /* Player.swift in Sources */ = {isa = PBXBuildFile; fileRef = A2F52FF92097871500C01FFF /* Player.swift */; };
		A2F52FFC2097884200C01FFF /* AppModel.swift in Sources */ = {isa = PBXBuildFile; fileRef = A2F52FFB2097884200C01FFF /* AppModel.swift */; };
		A2F52FFF209789BB00C01FFF /* scores.csv in Resources */ = {isa = PBXBuildFile; fileRef = A2F52FFE209789BB00C01FFF /* scores.csv */; };
/* End PBXBuildFile section */

/* Begin PBXContainerItemProxy section */
		1D02D8432083CB50001F7BAF /* PBXContainerItemProxy */ = {
			isa = PBXContainerItemProxy;
			containerPortal = 1D02D8262083CB4F001F7BAF /* Project object */;
			proxyType = 1;
			remoteGlobalIDString = 1D02D82D2083CB4F001F7BAF;
			remoteInfo = Elementary;
		};
		1D02D84E2083CB50001F7BAF /* PBXContainerItemProxy */ = {
			isa = PBXContainerItemProxy;
			containerPortal = 1D02D8262083CB4F001F7BAF /* Project object */;
			proxyType = 1;
			remoteGlobalIDString = 1D02D82D2083CB4F001F7BAF;
			remoteInfo = Elementary;
		};
/* End PBXContainerItemProxy section */

/* Begin PBXFileReference section */
		1D02D82E2083CB50001F7BAF /* Elementary.app */ = {isa = PBXFileReference; explicitFileType = wrapper.application; includeInIndex = 0; path = Elementary.app; sourceTree = BUILT_PRODUCTS_DIR; };
		1D02D8312083CB50001F7BAF /* AppDelegate.swift */ = {isa = PBXFileReference; lastKnownFileType = sourcecode.swift; path = AppDelegate.swift; sourceTree = "<group>"; };
		1D02D8362083CB50001F7BAF /* Base */ = {isa = PBXFileReference; lastKnownFileType = file.storyboard; name = Base; path = Base.lproj/Main.storyboard; sourceTree = "<group>"; };
		1D02D8382083CB50001F7BAF /* Assets.xcassets */ = {isa = PBXFileReference; lastKnownFileType = folder.assetcatalog; path = Assets.xcassets; sourceTree = "<group>"; };
		1D02D83B2083CB50001F7BAF /* Base */ = {isa = PBXFileReference; lastKnownFileType = file.storyboard; name = Base; path = Base.lproj/LaunchScreen.storyboard; sourceTree = "<group>"; };
		1D02D83D2083CB50001F7BAF /* Info.plist */ = {isa = PBXFileReference; lastKnownFileType = text.plist.xml; path = Info.plist; sourceTree = "<group>"; };
		1D02D8422083CB50001F7BAF /* ElementaryTests.xctest */ = {isa = PBXFileReference; explicitFileType = wrapper.cfbundle; includeInIndex = 0; path = ElementaryTests.xctest; sourceTree = BUILT_PRODUCTS_DIR; };
		1D02D8462083CB50001F7BAF /* ElementaryTests.swift */ = {isa = PBXFileReference; lastKnownFileType = sourcecode.swift; path = ElementaryTests.swift; sourceTree = "<group>"; };
		1D02D8482083CB50001F7BAF /* Info.plist */ = {isa = PBXFileReference; lastKnownFileType = text.plist.xml; path = Info.plist; sourceTree = "<group>"; };
		1D02D84D2083CB50001F7BAF /* ElementaryUITests.xctest */ = {isa = PBXFileReference; explicitFileType = wrapper.cfbundle; includeInIndex = 0; path = ElementaryUITests.xctest; sourceTree = BUILT_PRODUCTS_DIR; };
		1D02D8512083CB50001F7BAF /* ElementaryUITests.swift */ = {isa = PBXFileReference; lastKnownFileType = sourcecode.swift; path = ElementaryUITests.swift; sourceTree = "<group>"; };
		1D02D8532083CB50001F7BAF /* Info.plist */ = {isa = PBXFileReference; lastKnownFileType = text.plist.xml; path = Info.plist; sourceTree = "<group>"; };
		1D02D8602083CF54001F7BAF /* Element.swift */ = {isa = PBXFileReference; fileEncoding = 4; lastKnownFileType = sourcecode.swift; path = Element.swift; sourceTree = "<group>"; };
		1DA9C7D220A348BC004A560E /* UserDefaultsObservingController.swift */ = {isa = PBXFileReference; fileEncoding = 4; lastKnownFileType = sourcecode.swift; path = UserDefaultsObservingController.swift; sourceTree = "<group>"; };
		1DA9C7D420A35BF7004A560E /* SpinnerShapeNode.swift */ = {isa = PBXFileReference; fileEncoding = 4; lastKnownFileType = sourcecode.swift; path = SpinnerShapeNode.swift; sourceTree = "<group>"; };
		A20B1DD7209B22D0007A3067 /* ElementFacade.swift */ = {isa = PBXFileReference; fileEncoding = 4; lastKnownFileType = sourcecode.swift; path = ElementFacade.swift; sourceTree = "<group>"; };
		A20B1DD9209B2668007A3067 /* SKNodeFacade.swift */ = {isa = PBXFileReference; fileEncoding = 4; lastKnownFileType = sourcecode.swift; path = SKNodeFacade.swift; sourceTree = "<group>"; };
		A20B1DDD209B7A41007A3067 /* HighScoresController.swift */ = {isa = PBXFileReference; fileEncoding = 4; lastKnownFileType = sourcecode.swift; path = HighScoresController.swift; sourceTree = "<group>"; };
		A20B1DE1209B8A37007A3067 /* HighScoreTableCellView.swift */ = {isa = PBXFileReference; fileEncoding = 4; lastKnownFileType = sourcecode.swift; path = HighScoreTableCellView.swift; sourceTree = "<group>"; };
		A22C20D5209C5B5200701E3F /* click.wav */ = {isa = PBXFileReference; lastKnownFileType = audio.wav; path = click.wav; sourceTree = "<group>"; };
		A22C20D8209C5B7100701E3F /* MusicPlayer.swift */ = {isa = PBXFileReference; fileEncoding = 4; lastKnownFileType = sourcecode.swift; path = MusicPlayer.swift; sourceTree = "<group>"; };
		A22C20DA209C5C5500701E3F /* music_game.mp3 */ = {isa = PBXFileReference; lastKnownFileType = audio.mp3; path = music_game.mp3; sourceTree = "<group>"; };
		A22C20DB209C5C5500701E3F /* music_menu.mp3 */ = {isa = PBXFileReference; lastKnownFileType = audio.mp3; path = music_menu.mp3; sourceTree = "<group>"; };
		A22C20DE209C5C6300701E3F /* negative.wav */ = {isa = PBXFileReference; lastKnownFileType = audio.wav; path = negative.wav; sourceTree = "<group>"; };
		A22C20DF209C5C6300701E3F /* positive.wav */ = {isa = PBXFileReference; lastKnownFileType = audio.wav; path = positive.wav; sourceTree = "<group>"; };
		A22C20E2209C62C800701E3F /* game_over.wav */ = {isa = PBXFileReference; lastKnownFileType = audio.wav; path = game_over.wav; sourceTree = "<group>"; };
		A22C20E4209C7E1100701E3F /* SettingsController.swift */ = {isa = PBXFileReference; fileEncoding = 4; lastKnownFileType = sourcecode.swift; path = SettingsController.swift; sourceTree = "<group>"; };
		A2C491D12099DF7B0000A122 /* QuizQuestion.swift */ = {isa = PBXFileReference; fileEncoding = 4; lastKnownFileType = sourcecode.swift; path = QuizQuestion.swift; sourceTree = "<group>"; };
		A2C491D32099E8130000A122 /* AnswerFacade.swift */ = {isa = PBXFileReference; fileEncoding = 4; lastKnownFileType = sourcecode.swift; path = AnswerFacade.swift; sourceTree = "<group>"; };
		A2C491D52099EB450000A122 /* Answer.swift */ = {isa = PBXFileReference; fileEncoding = 4; lastKnownFileType = sourcecode.swift; path = Answer.swift; sourceTree = "<group>"; };
		A2D71BF52098C62A00DFECF7 /* GameViewController.swift */ = {isa = PBXFileReference; fileEncoding = 4; lastKnownFileType = sourcecode.swift; path = GameViewController.swift; sourceTree = "<group>"; };
		A2D71BF92098C67700DFECF7 /* GameScene.swift */ = {isa = PBXFileReference; fileEncoding = 4; lastKnownFileType = sourcecode.swift; path = GameScene.swift; sourceTree = "<group>"; };
		A2D71BFB2098E67500DFECF7 /* Extensions.swift */ = {isa = PBXFileReference; fileEncoding = 4; lastKnownFileType = sourcecode.swift; path = Extensions.swift; sourceTree = "<group>"; };
		A2F52FF320975AA800C01FFF /* MainMenuController.swift */ = {isa = PBXFileReference; fileEncoding = 4; lastKnownFileType = sourcecode.swift; name = MainMenuController.swift; path = ../MainMenuController.swift; sourceTree = "<group>"; };
		A2F52FF92097871500C01FFF /* Player.swift */ = {isa = PBXFileReference; fileEncoding = 4; lastKnownFileType = sourcecode.swift; path = Player.swift; sourceTree = "<group>"; };
		A2F52FFB2097884200C01FFF /* AppModel.swift */ = {isa = PBXFileReference; fileEncoding = 4; lastKnownFileType = sourcecode.swift; path = AppModel.swift; sourceTree = "<group>"; };
		A2F52FFE209789BB00C01FFF /* scores.csv */ = {isa = PBXFileReference; fileEncoding = 4; lastKnownFileType = text; path = scores.csv; sourceTree = "<group>"; };
/* End PBXFileReference section */

/* Begin PBXFrameworksBuildPhase section */
		1D02D82B2083CB4F001F7BAF /* Frameworks */ = {
			isa = PBXFrameworksBuildPhase;
			buildActionMask = 2147483647;
			files = (
			);
			runOnlyForDeploymentPostprocessing = 0;
		};
		1D02D83F2083CB50001F7BAF /* Frameworks */ = {
			isa = PBXFrameworksBuildPhase;
			buildActionMask = 2147483647;
			files = (
			);
			runOnlyForDeploymentPostprocessing = 0;
		};
		1D02D84A2083CB50001F7BAF /* Frameworks */ = {
			isa = PBXFrameworksBuildPhase;
			buildActionMask = 2147483647;
			files = (
			);
			runOnlyForDeploymentPostprocessing = 0;
		};
/* End PBXFrameworksBuildPhase section */

/* Begin PBXGroup section */
		1D02D8252083CB4F001F7BAF = {
			isa = PBXGroup;
			children = (
				1D02D8302083CB50001F7BAF /* Elementary */,
				1D02D8452083CB50001F7BAF /* ElementaryTests */,
				1D02D8502083CB50001F7BAF /* ElementaryUITests */,
				1D02D82F2083CB50001F7BAF /* Products */,
			);
			sourceTree = "<group>";
		};
		1D02D82F2083CB50001F7BAF /* Products */ = {
			isa = PBXGroup;
			children = (
				1D02D82E2083CB50001F7BAF /* Elementary.app */,
				1D02D8422083CB50001F7BAF /* ElementaryTests.xctest */,
				1D02D84D2083CB50001F7BAF /* ElementaryUITests.xctest */,
			);
			name = Products;
			sourceTree = "<group>";
		};
		1D02D8302083CB50001F7BAF /* Elementary */ = {
			isa = PBXGroup;
			children = (
				A22C20D7209C5B5B00701E3F /* Music */,
				A2D71BF82098C65A00DFECF7 /* Scene */,
				A2F52FFD209788F200C01FFF /* Controller */,
				A2F52FF820977B2C00C01FFF /* Model */,
				1D02D8312083CB50001F7BAF /* AppDelegate.swift */,
				1D02D8352083CB50001F7BAF /* Main.storyboard */,
				1D02D8382083CB50001F7BAF /* Assets.xcassets */,
				1D02D83A2083CB50001F7BAF /* LaunchScreen.storyboard */,
				1D02D83D2083CB50001F7BAF /* Info.plist */,
				A2F52FFE209789BB00C01FFF /* scores.csv */,
				A22C20DE209C5C6300701E3F /* negative.wav */,
				A22C20DF209C5C6300701E3F /* positive.wav */,
				A22C20E2209C62C800701E3F /* game_over.wav */,
				A22C20DA209C5C5500701E3F /* music_game.mp3 */,
				A22C20DB209C5C5500701E3F /* music_menu.mp3 */,
				A22C20D5209C5B5200701E3F /* click.wav */,
			);
			path = Elementary;
			sourceTree = "<group>";
		};
		1D02D8452083CB50001F7BAF /* ElementaryTests */ = {
			isa = PBXGroup;
			children = (
				1D02D8462083CB50001F7BAF /* ElementaryTests.swift */,
				1D02D8482083CB50001F7BAF /* Info.plist */,
			);
			path = ElementaryTests;
			sourceTree = "<group>";
		};
		1D02D8502083CB50001F7BAF /* ElementaryUITests */ = {
			isa = PBXGroup;
			children = (
				1D02D8512083CB50001F7BAF /* ElementaryUITests.swift */,
				1D02D8532083CB50001F7BAF /* Info.plist */,
			);
			path = ElementaryUITests;
			sourceTree = "<group>";
		};
		1D02D85F2083CF29001F7BAF /* Constants */ = {
			isa = PBXGroup;
			children = (
				1D02D8602083CF54001F7BAF /* Element.swift */,
			);
			name = Constants;
			sourceTree = "<group>";
		};
		A20B1DE3209B8B35007A3067 /* Table */ = {
			isa = PBXGroup;
			children = (
				A20B1DE1209B8A37007A3067 /* HighScoreTableCellView.swift */,
			);
			name = Table;
			sourceTree = "<group>";
		};
		A22C20D7209C5B5B00701E3F /* Music */ = {
			isa = PBXGroup;
			children = (
				A22C20D8209C5B7100701E3F /* MusicPlayer.swift */,
			);
			name = Music;
			sourceTree = "<group>";
		};
		A2C491D72099ED120000A122 /* SKComponents */ = {
			isa = PBXGroup;
			children = (
				A20B1DD7209B22D0007A3067 /* ElementFacade.swift */,
				A2C491D32099E8130000A122 /* AnswerFacade.swift */,
				A20B1DD9209B2668007A3067 /* SKNodeFacade.swift */,
				1DA9C7D420A35BF7004A560E /* SpinnerShapeNode.swift */,
			);
			name = SKComponents;
			sourceTree = "<group>";
		};
		A2D71BF82098C65A00DFECF7 /* Scene */ = {
			isa = PBXGroup;
			children = (
				A2C491D72099ED120000A122 /* SKComponents */,
				A2D71BF92098C67700DFECF7 /* GameScene.swift */,
				A2D71BFB2098E67500DFECF7 /* Extensions.swift */,
			);
			name = Scene;
			sourceTree = "<group>";
		};
		A2F52FF820977B2C00C01FFF /* Model */ = {
			isa = PBXGroup;
			children = (
				1D02D85F2083CF29001F7BAF /* Constants */,
				A2F52FF92097871500C01FFF /* Player.swift */,
				A2F52FFB2097884200C01FFF /* AppModel.swift */,
				A2C491D12099DF7B0000A122 /* QuizQuestion.swift */,
				A2C491D52099EB450000A122 /* Answer.swift */,
			);
			name = Model;
			sourceTree = "<group>";
		};
		A2F52FFD209788F200C01FFF /* Controller */ = {
			isa = PBXGroup;
			children = (
				A20B1DE3209B8B35007A3067 /* Table */,
				A2F52FF320975AA800C01FFF /* MainMenuController.swift */,
				A2D71BF52098C62A00DFECF7 /* GameViewController.swift */,
				A20B1DDD209B7A41007A3067 /* HighScoresController.swift */,
				A22C20E4209C7E1100701E3F /* SettingsController.swift */,
				1DA9C7D220A348BC004A560E /* UserDefaultsObservingController.swift */,
			);
			name = Controller;
			sourceTree = "<group>";
		};
/* End PBXGroup section */

/* Begin PBXNativeTarget section */
		1D02D82D2083CB4F001F7BAF /* Elementary */ = {
			isa = PBXNativeTarget;
			buildConfigurationList = 1D02D8562083CB50001F7BAF /* Build configuration list for PBXNativeTarget "Elementary" */;
			buildPhases = (
				1D02D82A2083CB4F001F7BAF /* Sources */,
				1D02D82B2083CB4F001F7BAF /* Frameworks */,
				1D02D82C2083CB4F001F7BAF /* Resources */,
			);
			buildRules = (
			);
			dependencies = (
			);
			name = Elementary;
			productName = Elementary;
			productReference = 1D02D82E2083CB50001F7BAF /* Elementary.app */;
			productType = "com.apple.product-type.application";
		};
		1D02D8412083CB50001F7BAF /* ElementaryTests */ = {
			isa = PBXNativeTarget;
			buildConfigurationList = 1D02D8592083CB50001F7BAF /* Build configuration list for PBXNativeTarget "ElementaryTests" */;
			buildPhases = (
				1D02D83E2083CB50001F7BAF /* Sources */,
				1D02D83F2083CB50001F7BAF /* Frameworks */,
				1D02D8402083CB50001F7BAF /* Resources */,
			);
			buildRules = (
			);
			dependencies = (
				1D02D8442083CB50001F7BAF /* PBXTargetDependency */,
			);
			name = ElementaryTests;
			productName = ElementaryTests;
			productReference = 1D02D8422083CB50001F7BAF /* ElementaryTests.xctest */;
			productType = "com.apple.product-type.bundle.unit-test";
		};
		1D02D84C2083CB50001F7BAF /* ElementaryUITests */ = {
			isa = PBXNativeTarget;
			buildConfigurationList = 1D02D85C2083CB50001F7BAF /* Build configuration list for PBXNativeTarget "ElementaryUITests" */;
			buildPhases = (
				1D02D8492083CB50001F7BAF /* Sources */,
				1D02D84A2083CB50001F7BAF /* Frameworks */,
				1D02D84B2083CB50001F7BAF /* Resources */,
			);
			buildRules = (
			);
			dependencies = (
				1D02D84F2083CB50001F7BAF /* PBXTargetDependency */,
			);
			name = ElementaryUITests;
			productName = ElementaryUITests;
			productReference = 1D02D84D2083CB50001F7BAF /* ElementaryUITests.xctest */;
			productType = "com.apple.product-type.bundle.ui-testing";
		};
/* End PBXNativeTarget section */

/* Begin PBXProject section */
		1D02D8262083CB4F001F7BAF /* Project object */ = {
			isa = PBXProject;
			attributes = {
				LastSwiftUpdateCheck = 0830;
				LastUpgradeCheck = 0830;
				ORGANIZATIONNAME = "Rick Cooper";
				TargetAttributes = {
					1D02D82D2083CB4F001F7BAF = {
						CreatedOnToolsVersion = 8.3.3;
						ProvisioningStyle = Automatic;
					};
					1D02D8412083CB50001F7BAF = {
						CreatedOnToolsVersion = 8.3.3;
						ProvisioningStyle = Automatic;
						TestTargetID = 1D02D82D2083CB4F001F7BAF;
					};
					1D02D84C2083CB50001F7BAF = {
						CreatedOnToolsVersion = 8.3.3;
						ProvisioningStyle = Automatic;
						TestTargetID = 1D02D82D2083CB4F001F7BAF;
					};
				};
			};
			buildConfigurationList = 1D02D8292083CB4F001F7BAF /* Build configuration list for PBXProject "Elementary" */;
			compatibilityVersion = "Xcode 3.2";
			developmentRegion = English;
			hasScannedForEncodings = 0;
			knownRegions = (
				en,
				Base,
			);
			mainGroup = 1D02D8252083CB4F001F7BAF;
			productRefGroup = 1D02D82F2083CB50001F7BAF /* Products */;
			projectDirPath = "";
			projectRoot = "";
			targets = (
				1D02D82D2083CB4F001F7BAF /* Elementary */,
				1D02D8412083CB50001F7BAF /* ElementaryTests */,
				1D02D84C2083CB50001F7BAF /* ElementaryUITests */,
			);
		};
/* End PBXProject section */

/* Begin PBXResourcesBuildPhase section */
		1D02D82C2083CB4F001F7BAF /* Resources */ = {
			isa = PBXResourcesBuildPhase;
			buildActionMask = 2147483647;
			files = (
				A22C20DC209C5C5500701E3F /* music_game.mp3 in Resources */,
				1D02D83C2083CB50001F7BAF /* LaunchScreen.storyboard in Resources */,
				A2F52FFF209789BB00C01FFF /* scores.csv in Resources */,
				A22C20E1209C5C6300701E3F /* positive.wav in Resources */,
				A22C20E0209C5C6300701E3F /* negative.wav in Resources */,
				A22C20DD209C5C5500701E3F /* music_menu.mp3 in Resources */,
				A22C20D6209C5B5200701E3F /* click.wav in Resources */,
				1D02D8392083CB50001F7BAF /* Assets.xcassets in Resources */,
				A22C20E3209C62C800701E3F /* game_over.wav in Resources */,
				1D02D8372083CB50001F7BAF /* Main.storyboard in Resources */,
			);
			runOnlyForDeploymentPostprocessing = 0;
		};
		1D02D8402083CB50001F7BAF /* Resources */ = {
			isa = PBXResourcesBuildPhase;
			buildActionMask = 2147483647;
			files = (
			);
			runOnlyForDeploymentPostprocessing = 0;
		};
		1D02D84B2083CB50001F7BAF /* Resources */ = {
			isa = PBXResourcesBuildPhase;
			buildActionMask = 2147483647;
			files = (
			);
			runOnlyForDeploymentPostprocessing = 0;
		};
/* End PBXResourcesBuildPhase section */

/* Begin PBXSourcesBuildPhase section */
		1D02D82A2083CB4F001F7BAF /* Sources */ = {
			isa = PBXSourcesBuildPhase;
			buildActionMask = 2147483647;
			files = (
				A22C20E5209C7E1100701E3F /* SettingsController.swift in Sources */,
				A2D71BFA2098C67700DFECF7 /* GameScene.swift in Sources */,
				A20B1DD8209B22D0007A3067 /* ElementFacade.swift in Sources */,
				A20B1DDE209B7A41007A3067 /* HighScoresController.swift in Sources */,
				A2F52FFC2097884200C01FFF /* AppModel.swift in Sources */,
				A2F52FFA2097871500C01FFF /* Player.swift in Sources */,
				A2C491D62099EB450000A122 /* Answer.swift in Sources */,
				1DA9C7D520A35BF7004A560E /* SpinnerShapeNode.swift in Sources */,
				A20B1DE2209B8A37007A3067 /* HighScoreTableCellView.swift in Sources */,
				A22C20D9209C5B7100701E3F /* MusicPlayer.swift in Sources */,
				A2D71BF62098C62A00DFECF7 /* GameViewController.swift in Sources */,
				A2C491D42099E8130000A122 /* AnswerFacade.swift in Sources */,
				A2C491D22099DF7B0000A122 /* QuizQuestion.swift in Sources */,
				A20B1DDA209B2668007A3067 /* SKNodeFacade.swift in Sources */,
				1D02D8322083CB50001F7BAF /* AppDelegate.swift in Sources */,
				1DA9C7D320A348BC004A560E /* UserDefaultsObservingController.swift in Sources */,
				1D02D8612083CF54001F7BAF /* Element.swift in Sources */,
				A2D71BFC2098E67500DFECF7 /* Extensions.swift in Sources */,
				A2F52FF420975AA800C01FFF /* MainMenuController.swift in Sources */,
			);
			runOnlyForDeploymentPostprocessing = 0;
		};
		1D02D83E2083CB50001F7BAF /* Sources */ = {
			isa = PBXSourcesBuildPhase;
			buildActionMask = 2147483647;
			files = (
				1D02D8472083CB50001F7BAF /* ElementaryTests.swift in Sources */,
			);
			runOnlyForDeploymentPostprocessing = 0;
		};
		1D02D8492083CB50001F7BAF /* Sources */ = {
			isa = PBXSourcesBuildPhase;
			buildActionMask = 2147483647;
			files = (
				1D02D8522083CB50001F7BAF /* ElementaryUITests.swift in Sources */,
			);
			runOnlyForDeploymentPostprocessing = 0;
		};
/* End PBXSourcesBuildPhase section */

/* Begin PBXTargetDependency section */
		1D02D8442083CB50001F7BAF /* PBXTargetDependency */ = {
			isa = PBXTargetDependency;
			target = 1D02D82D2083CB4F001F7BAF /* Elementary */;
			targetProxy = 1D02D8432083CB50001F7BAF /* PBXContainerItemProxy */;
		};
		1D02D84F2083CB50001F7BAF /* PBXTargetDependency */ = {
			isa = PBXTargetDependency;
			target = 1D02D82D2083CB4F001F7BAF /* Elementary */;
			targetProxy = 1D02D84E2083CB50001F7BAF /* PBXContainerItemProxy */;
		};
/* End PBXTargetDependency section */

/* Begin PBXVariantGroup section */
		1D02D8352083CB50001F7BAF /* Main.storyboard */ = {
			isa = PBXVariantGroup;
			children = (
				1D02D8362083CB50001F7BAF /* Base */,
			);
			name = Main.storyboard;
			sourceTree = "<group>";
		};
		1D02D83A2083CB50001F7BAF /* LaunchScreen.storyboard */ = {
			isa = PBXVariantGroup;
			children = (
				1D02D83B2083CB50001F7BAF /* Base */,
			);
			name = LaunchScreen.storyboard;
			sourceTree = "<group>";
		};
/* End PBXVariantGroup section */

/* Begin XCBuildConfiguration section */
		1D02D8542083CB50001F7BAF /* Debug */ = {
			isa = XCBuildConfiguration;
			buildSettings = {
				ALWAYS_SEARCH_USER_PATHS = NO;
				CLANG_ANALYZER_NONNULL = YES;
				CLANG_ANALYZER_NUMBER_OBJECT_CONVERSION = YES_AGGRESSIVE;
				CLANG_CXX_LANGUAGE_STANDARD = "gnu++0x";
				CLANG_CXX_LIBRARY = "libc++";
				CLANG_ENABLE_MODULES = YES;
				CLANG_ENABLE_OBJC_ARC = YES;
				CLANG_WARN_BOOL_CONVERSION = YES;
				CLANG_WARN_CONSTANT_CONVERSION = YES;
				CLANG_WARN_DIRECT_OBJC_ISA_USAGE = YES_ERROR;
				CLANG_WARN_DOCUMENTATION_COMMENTS = YES;
				CLANG_WARN_EMPTY_BODY = YES;
				CLANG_WARN_ENUM_CONVERSION = YES;
				CLANG_WARN_INFINITE_RECURSION = YES;
				CLANG_WARN_INT_CONVERSION = YES;
				CLANG_WARN_OBJC_ROOT_CLASS = YES_ERROR;
				CLANG_WARN_SUSPICIOUS_MOVE = YES;
				CLANG_WARN_UNREACHABLE_CODE = YES;
				CLANG_WARN__DUPLICATE_METHOD_MATCH = YES;
				"CODE_SIGN_IDENTITY[sdk=iphoneos*]" = "iPhone Developer";
				COPY_PHASE_STRIP = NO;
				DEBUG_INFORMATION_FORMAT = dwarf;
				ENABLE_STRICT_OBJC_MSGSEND = YES;
				ENABLE_TESTABILITY = YES;
				GCC_C_LANGUAGE_STANDARD = gnu99;
				GCC_DYNAMIC_NO_PIC = NO;
				GCC_NO_COMMON_BLOCKS = YES;
				GCC_OPTIMIZATION_LEVEL = 0;
				GCC_PREPROCESSOR_DEFINITIONS = (
					"DEBUG=1",
					"$(inherited)",
				);
				GCC_WARN_64_TO_32_BIT_CONVERSION = YES;
				GCC_WARN_ABOUT_RETURN_TYPE = YES_ERROR;
				GCC_WARN_UNDECLARED_SELECTOR = YES;
				GCC_WARN_UNINITIALIZED_AUTOS = YES_AGGRESSIVE;
				GCC_WARN_UNUSED_FUNCTION = YES;
				GCC_WARN_UNUSED_VARIABLE = YES;
				IPHONEOS_DEPLOYMENT_TARGET = 10.3;
				MTL_ENABLE_DEBUG_INFO = YES;
				ONLY_ACTIVE_ARCH = YES;
				SDKROOT = iphoneos;
				SWIFT_ACTIVE_COMPILATION_CONDITIONS = DEBUG;
				SWIFT_OPTIMIZATION_LEVEL = "-Onone";
				TARGETED_DEVICE_FAMILY = "1,2";
			};
			name = Debug;
		};
		1D02D8552083CB50001F7BAF /* Release */ = {
			isa = XCBuildConfiguration;
			buildSettings = {
				ALWAYS_SEARCH_USER_PATHS = NO;
				CLANG_ANALYZER_NONNULL = YES;
				CLANG_ANALYZER_NUMBER_OBJECT_CONVERSION = YES_AGGRESSIVE;
				CLANG_CXX_LANGUAGE_STANDARD = "gnu++0x";
				CLANG_CXX_LIBRARY = "libc++";
				CLANG_ENABLE_MODULES = YES;
				CLANG_ENABLE_OBJC_ARC = YES;
				CLANG_WARN_BOOL_CONVERSION = YES;
				CLANG_WARN_CONSTANT_CONVERSION = YES;
				CLANG_WARN_DIRECT_OBJC_ISA_USAGE = YES_ERROR;
				CLANG_WARN_DOCUMENTATION_COMMENTS = YES;
				CLANG_WARN_EMPTY_BODY = YES;
				CLANG_WARN_ENUM_CONVERSION = YES;
				CLANG_WARN_INFINITE_RECURSION = YES;
				CLANG_WARN_INT_CONVERSION = YES;
				CLANG_WARN_OBJC_ROOT_CLASS = YES_ERROR;
				CLANG_WARN_SUSPICIOUS_MOVE = YES;
				CLANG_WARN_UNREACHABLE_CODE = YES;
				CLANG_WARN__DUPLICATE_METHOD_MATCH = YES;
				"CODE_SIGN_IDENTITY[sdk=iphoneos*]" = "iPhone Developer";
				COPY_PHASE_STRIP = NO;
				DEBUG_INFORMATION_FORMAT = "dwarf-with-dsym";
				ENABLE_NS_ASSERTIONS = NO;
				ENABLE_STRICT_OBJC_MSGSEND = YES;
				GCC_C_LANGUAGE_STANDARD = gnu99;
				GCC_NO_COMMON_BLOCKS = YES;
				GCC_WARN_64_TO_32_BIT_CONVERSION = YES;
				GCC_WARN_ABOUT_RETURN_TYPE = YES_ERROR;
				GCC_WARN_UNDECLARED_SELECTOR = YES;
				GCC_WARN_UNINITIALIZED_AUTOS = YES_AGGRESSIVE;
				GCC_WARN_UNUSED_FUNCTION = YES;
				GCC_WARN_UNUSED_VARIABLE = YES;
				IPHONEOS_DEPLOYMENT_TARGET = 10.3;
				MTL_ENABLE_DEBUG_INFO = NO;
				SDKROOT = iphoneos;
				SWIFT_OPTIMIZATION_LEVEL = "-Owholemodule";
				TARGETED_DEVICE_FAMILY = "1,2";
				VALIDATE_PRODUCT = YES;
			};
			name = Release;
		};
		1D02D8572083CB50001F7BAF /* Debug */ = {
			isa = XCBuildConfiguration;
			buildSettings = {
				ASSETCATALOG_COMPILER_APPICON_NAME = AppIcon;
				INFOPLIST_FILE = Elementary/Info.plist;
				LD_RUNPATH_SEARCH_PATHS = "$(inherited) @executable_path/Frameworks";
				PRODUCT_BUNDLE_IDENTIFIER = me.cooper.rick.Elementary;
				PRODUCT_NAME = "$(TARGET_NAME)";
				SWIFT_VERSION = 3.0;
			};
			name = Debug;
		};
		1D02D8582083CB50001F7BAF /* Release */ = {
			isa = XCBuildConfiguration;
			buildSettings = {
				ASSETCATALOG_COMPILER_APPICON_NAME = AppIcon;
				INFOPLIST_FILE = Elementary/Info.plist;
				LD_RUNPATH_SEARCH_PATHS = "$(inherited) @executable_path/Frameworks";
				PRODUCT_BUNDLE_IDENTIFIER = me.cooper.rick.Elementary;
				PRODUCT_NAME = "$(TARGET_NAME)";
				SWIFT_VERSION = 3.0;
			};
			name = Release;
		};
		1D02D85A2083CB50001F7BAF /* Debug */ = {
			isa = XCBuildConfiguration;
			buildSettings = {
				ALWAYS_EMBED_SWIFT_STANDARD_LIBRARIES = YES;
				BUNDLE_LOADER = "$(TEST_HOST)";
				INFOPLIST_FILE = ElementaryTests/Info.plist;
				LD_RUNPATH_SEARCH_PATHS = "$(inherited) @executable_path/Frameworks @loader_path/Frameworks";
				PRODUCT_BUNDLE_IDENTIFIER = me.cooper.rick.ElementaryTests;
				PRODUCT_NAME = "$(TARGET_NAME)";
				SWIFT_VERSION = 3.0;
				TEST_HOST = "$(BUILT_PRODUCTS_DIR)/Elementary.app/Elementary";
			};
			name = Debug;
		};
		1D02D85B2083CB50001F7BAF /* Release */ = {
			isa = XCBuildConfiguration;
			buildSettings = {
				ALWAYS_EMBED_SWIFT_STANDARD_LIBRARIES = YES;
				BUNDLE_LOADER = "$(TEST_HOST)";
				INFOPLIST_FILE = ElementaryTests/Info.plist;
				LD_RUNPATH_SEARCH_PATHS = "$(inherited) @executable_path/Frameworks @loader_path/Frameworks";
				PRODUCT_BUNDLE_IDENTIFIER = me.cooper.rick.ElementaryTests;
				PRODUCT_NAME = "$(TARGET_NAME)";
				SWIFT_VERSION = 3.0;
				TEST_HOST = "$(BUILT_PRODUCTS_DIR)/Elementary.app/Elementary";
			};
			name = Release;
		};
		1D02D85D2083CB50001F7BAF /* Debug */ = {
			isa = XCBuildConfiguration;
			buildSettings = {
				ALWAYS_EMBED_SWIFT_STANDARD_LIBRARIES = YES;
				INFOPLIST_FILE = ElementaryUITests/Info.plist;
				LD_RUNPATH_SEARCH_PATHS = "$(inherited) @executable_path/Frameworks @loader_path/Frameworks";
				PRODUCT_BUNDLE_IDENTIFIER = me.cooper.rick.ElementaryUITests;
				PRODUCT_NAME = "$(TARGET_NAME)";
				SWIFT_VERSION = 3.0;
				TEST_TARGET_NAME = Elementary;
			};
			name = Debug;
		};
		1D02D85E2083CB50001F7BAF /* Release */ = {
			isa = XCBuildConfiguration;
			buildSettings = {
				ALWAYS_EMBED_SWIFT_STANDARD_LIBRARIES = YES;
				INFOPLIST_FILE = ElementaryUITests/Info.plist;
				LD_RUNPATH_SEARCH_PATHS = "$(inherited) @executable_path/Frameworks @loader_path/Frameworks";
				PRODUCT_BUNDLE_IDENTIFIER = me.cooper.rick.ElementaryUITests;
				PRODUCT_NAME = "$(TARGET_NAME)";
				SWIFT_VERSION = 3.0;
				TEST_TARGET_NAME = Elementary;
			};
			name = Release;
		};
/* End XCBuildConfiguration section */

/* Begin XCConfigurationList section */
		1D02D8292083CB4F001F7BAF /* Build configuration list for PBXProject "Elementary" */ = {
			isa = XCConfigurationList;
			buildConfigurations = (
				1D02D8542083CB50001F7BAF /* Debug */,
				1D02D8552083CB50001F7BAF /* Release */,
			);
			defaultConfigurationIsVisible = 0;
			defaultConfigurationName = Release;
		};
		1D02D8562083CB50001F7BAF /* Build configuration list for PBXNativeTarget "Elementary" */ = {
			isa = XCConfigurationList;
			buildConfigurations = (
				1D02D8572083CB50001F7BAF /* Debug */,
				1D02D8582083CB50001F7BAF /* Release */,
			);
			defaultConfigurationIsVisible = 0;
			defaultConfigurationName = Release;
		};
		1D02D8592083CB50001F7BAF /* Build configuration list for PBXNativeTarget "ElementaryTests" */ = {
			isa = XCConfigurationList;
			buildConfigurations = (
				1D02D85A2083CB50001F7BAF /* Debug */,
				1D02D85B2083CB50001F7BAF /* Release */,
			);
			defaultConfigurationIsVisible = 0;
			defaultConfigurationName = Release;
		};
		1D02D85C2083CB50001F7BAF /* Build configuration list for PBXNativeTarget "ElementaryUITests" */ = {
			isa = XCConfigurationList;
			buildConfigurations = (
				1D02D85D2083CB50001F7BAF /* Debug */,
				1D02D85E2083CB50001F7BAF /* Release */,
			);
			defaultConfigurationIsVisible = 0;
			defaultConfigurationName = Release;
		};
/* End XCConfigurationList section */
	};
	rootObject = 1D02D8262083CB4F001F7BAF /* Project object */;
}
